
Microsoft Visual Studio Solution File, Format Version 12.00
# Visual Studio Version 18
VisualStudioVersion = 18.3.11505.172 d18.3
MinimumVisualStudioVersion = 10.0.40219.1
Project("{FAE04EC0-301F-11D3-BF4B-00C04F79EFBC}") = "RazorFileManagerApp", "RazorFileManagerApp.csproj", "{74847EFA-5CC4-1564-70B7-F041CD4F07E3}"
EndProject
Global
	GlobalSection(SolutionConfigurationPlatforms) = preSolution
		Debug|Any CPU = Debug|Any CPU
		Release|Any CPU = Release|Any CPU
	EndGlobalSection
	GlobalSection(ProjectConfigurationPlatforms) = postSolution
		{74847EFA-5CC4-1564-70B7-F041CD4F07E3}.Debug|Any CPU.ActiveCfg = Debug|Any CPU
		{74847EFA-5CC4-1564-70B7-F041CD4F07E3}.Debug|Any CPU.Build.0 = Debug|Any CPU
		{74847EFA-5CC4-1564-70B7-F041CD4F07E3}.Release|Any CPU.ActiveCfg = Release|Any CPU
		{74847EFA-5CC4-1564-70B7-F041CD4F07E3}.Release|Any CPU.Build.0 = Release|Any CPU
	EndGlobalSection
	GlobalSection(SolutionProperties) = preSolution
		HideSolutionNode = FALSE
	EndGlobalSection
	GlobalSection(ExtensibilityGlobals) = postSolution
		SolutionGuid = {B827B858-9A2E-467B-AA60-D150BBD5F49C}
	EndGlobalSection
EndGlobal
